
Microsoft Visual Studio Solution File, Format Version 11.00
# Visual Studio 2010
Project("{FAE04EC0-301F-11D3-BF4B-00C04F79EFBC}") = "Earth.Runtime", "Earth.Runtime\Earth.Runtime.csproj", "{C09515EA-DA3E-4E04-B2B9-1A6640C9624C}"
EndProject
Project("{FAE04EC0-301F-11D3-BF4B-00C04F79EFBC}") = "Mono.Cecil", "Mono.Cecil\Mono.Cecil.csproj", "{D68133BD-1E63-496E-9EDE-4FBDBF77B486}"
EndProject
Project("{FAE04EC0-301F-11D3-BF4B-00C04F79EFBC}") = "Earth.Runtime.TypeSystem", "Earth.Runtime.TypeSystem\Earth.Runtime.TypeSystem.csproj", "{64C1D6C0-AC9A-48EA-A1DE-E64E2A34323D}"
EndProject
Project("{FAE04EC0-301F-11D3-BF4B-00C04F79EFBC}") = "TestRuntime", "TestRuntime\TestRuntime.csproj", "{6321F5A1-4227-47C5-8654-0C0852A2B90D}"
	ProjectSection(ProjectDependencies) = postProject
		{F0460016-F273-4D8B-AACC-0715DDCE77F7} = {F0460016-F273-4D8B-AACC-0715DDCE77F7}
	EndProjectSection
EndProject
Project("{FAE04EC0-301F-11D3-BF4B-00C04F79EFBC}") = "TestApp", "TestApp\TestApp.csproj", "{F0460016-F273-4D8B-AACC-0715DDCE77F7}"
EndProject
Global
	GlobalSection(SolutionConfigurationPlatforms) = preSolution
		Debug|Any CPU = Debug|Any CPU
		Debug|Mixed Platforms = Debug|Mixed Platforms
		Debug|x86 = Debug|x86
		net_2_0_Debug|Any CPU = net_2_0_Debug|Any CPU
		net_2_0_Debug|Mixed Platforms = net_2_0_Debug|Mixed Platforms
		net_2_0_Debug|x86 = net_2_0_Debug|x86
		net_2_0_Release|Any CPU = net_2_0_Release|Any CPU
		net_2_0_Release|Mixed Platforms = net_2_0_Release|Mixed Platforms
		net_2_0_Release|x86 = net_2_0_Release|x86
		net_3_5_Debug|Any CPU = net_3_5_Debug|Any CPU
		net_3_5_Debug|Mixed Platforms = net_3_5_Debug|Mixed Platforms
		net_3_5_Debug|x86 = net_3_5_Debug|x86
		net_3_5_Release|Any CPU = net_3_5_Release|Any CPU
		net_3_5_Release|Mixed Platforms = net_3_5_Release|Mixed Platforms
		net_3_5_Release|x86 = net_3_5_Release|x86
		net_4_0_Debug|Any CPU = net_4_0_Debug|Any CPU
		net_4_0_Debug|Mixed Platforms = net_4_0_Debug|Mixed Platforms
		net_4_0_Debug|x86 = net_4_0_Debug|x86
		net_4_0_Release|Any CPU = net_4_0_Release|Any CPU
		net_4_0_Release|Mixed Platforms = net_4_0_Release|Mixed Platforms
		net_4_0_Release|x86 = net_4_0_Release|x86
		Release|Any CPU = Release|Any CPU
		Release|Mixed Platforms = Release|Mixed Platforms
		Release|x86 = Release|x86
		silverlight_Debug|Any CPU = silverlight_Debug|Any CPU
		silverlight_Debug|Mixed Platforms = silverlight_Debug|Mixed Platforms
		silverlight_Debug|x86 = silverlight_Debug|x86
		silverlight_Release|Any CPU = silverlight_Release|Any CPU
		silverlight_Release|Mixed Platforms = silverlight_Release|Mixed Platforms
		silverlight_Release|x86 = silverlight_Release|x86
		winphone_Debug|Any CPU = winphone_Debug|Any CPU
		winphone_Debug|Mixed Platforms = winphone_Debug|Mixed Platforms
		winphone_Debug|x86 = winphone_Debug|x86
		winphone_Release|Any CPU = winphone_Release|Any CPU
		winphone_Release|Mixed Platforms = winphone_Release|Mixed Platforms
		winphone_Release|x86 = winphone_Release|x86
	EndGlobalSection
	GlobalSection(ProjectConfigurationPlatforms) = postSolution
		{C09515EA-DA3E-4E04-B2B9-1A6640C9624C}.Debug|Any CPU.ActiveCfg = Debug|Any CPU
		{C09515EA-DA3E-4E04-B2B9-1A6640C9624C}.Debug|Any CPU.Build.0 = Debug|Any CPU
		{C09515EA-DA3E-4E04-B2B9-1A6640C9624C}.Debug|Mixed Platforms.ActiveCfg = Debug|Any CPU
		{C09515EA-DA3E-4E04-B2B9-1A6640C9624C}.Debug|Mixed Platforms.Build.0 = Debug|Any CPU
		{C09515EA-DA3E-4E04-B2B9-1A6640C9624C}.Debug|x86.ActiveCfg = Debug|Any CPU
		{C09515EA-DA3E-4E04-B2B9-1A6640C9624C}.net_2_0_Debug|Any CPU.ActiveCfg = Debug|Any CPU
		{C09515EA-DA3E-4E04-B2B9-1A6640C9624C}.net_2_0_Debug|Any CPU.Build.0 = Debug|Any CPU
		{C09515EA-DA3E-4E04-B2B9-1A6640C9624C}.net_2_0_Debug|Mixed Platforms.ActiveCfg = Debug|Any CPU
		{C09515EA-DA3E-4E04-B2B9-1A6640C9624C}.net_2_0_Debug|Mixed Platforms.Build.0 = Debug|Any CPU
		{C09515EA-DA3E-4E04-B2B9-1A6640C9624C}.net_2_0_Debug|x86.ActiveCfg = Debug|Any CPU
		{C09515EA-DA3E-4E04-B2B9-1A6640C9624C}.net_2_0_Release|Any CPU.ActiveCfg = Release|Any CPU
		{C09515EA-DA3E-4E04-B2B9-1A6640C9624C}.net_2_0_Release|Any CPU.Build.0 = Release|Any CPU
		{C09515EA-DA3E-4E04-B2B9-1A6640C9624C}.net_2_0_Release|Mixed Platforms.ActiveCfg = Release|Any CPU
		{C09515EA-DA3E-4E04-B2B9-1A6640C9624C}.net_2_0_Release|Mixed Platforms.Build.0 = Release|Any CPU
		{C09515EA-DA3E-4E04-B2B9-1A6640C9624C}.net_2_0_Release|x86.ActiveCfg = Release|Any CPU
		{C09515EA-DA3E-4E04-B2B9-1A6640C9624C}.net_3_5_Debug|Any CPU.ActiveCfg = Debug|Any CPU
		{C09515EA-DA3E-4E04-B2B9-1A6640C9624C}.net_3_5_Debug|Any CPU.Build.0 = Debug|Any CPU
		{C09515EA-DA3E-4E04-B2B9-1A6640C9624C}.net_3_5_Debug|Mixed Platforms.ActiveCfg = Debug|Any CPU
		{C09515EA-DA3E-4E04-B2B9-1A6640C9624C}.net_3_5_Debug|Mixed Platforms.Build.0 = Debug|Any CPU
		{C09515EA-DA3E-4E04-B2B9-1A6640C9624C}.net_3_5_Debug|x86.ActiveCfg = Debug|Any CPU
		{C09515EA-DA3E-4E04-B2B9-1A6640C9624C}.net_3_5_Release|Any CPU.ActiveCfg = Release|Any CPU
		{C09515EA-DA3E-4E04-B2B9-1A6640C9624C}.net_3_5_Release|Any CPU.Build.0 = Release|Any CPU
		{C09515EA-DA3E-4E04-B2B9-1A6640C9624C}.net_3_5_Release|Mixed Platforms.ActiveCfg = Release|Any CPU
		{C09515EA-DA3E-4E04-B2B9-1A6640C9624C}.net_3_5_Release|Mixed Platforms.Build.0 = Release|Any CPU
		{C09515EA-DA3E-4E04-B2B9-1A6640C9624C}.net_3_5_Release|x86.ActiveCfg = Release|Any CPU
		{C09515EA-DA3E-4E04-B2B9-1A6640C9624C}.net_4_0_Debug|Any CPU.ActiveCfg = Debug|Any CPU
		{C09515EA-DA3E-4E04-B2B9-1A6640C9624C}.net_4_0_Debug|Any CPU.Build.0 = Debug|Any CPU
		{C09515EA-DA3E-4E04-B2B9-1A6640C9624C}.net_4_0_Debug|Mixed Platforms.ActiveCfg = Debug|Any CPU
		{C09515EA-DA3E-4E04-B2B9-1A6640C9624C}.net_4_0_Debug|Mixed Platforms.Build.0 = Debug|Any CPU
		{C09515EA-DA3E-4E04-B2B9-1A6640C9624C}.net_4_0_Debug|x86.ActiveCfg = Debug|Any CPU
		{C09515EA-DA3E-4E04-B2B9-1A6640C9624C}.net_4_0_Release|Any CPU.ActiveCfg = Release|Any CPU
		{C09515EA-DA3E-4E04-B2B9-1A6640C9624C}.net_4_0_Release|Any CPU.Build.0 = Release|Any CPU
		{C09515EA-DA3E-4E04-B2B9-1A6640C9624C}.net_4_0_Release|Mixed Platforms.ActiveCfg = Release|Any CPU
		{C09515EA-DA3E-4E04-B2B9-1A6640C9624C}.net_4_0_Release|Mixed Platforms.Build.0 = Release|Any CPU
		{C09515EA-DA3E-4E04-B2B9-1A6640C9624C}.net_4_0_Release|x86.ActiveCfg = Release|Any CPU
		{C09515EA-DA3E-4E04-B2B9-1A6640C9624C}.Release|Any CPU.ActiveCfg = Release|Any CPU
		{C09515EA-DA3E-4E04-B2B9-1A6640C9624C}.Release|Any CPU.Build.0 = Release|Any CPU
		{C09515EA-DA3E-4E04-B2B9-1A6640C9624C}.Release|Mixed Platforms.ActiveCfg = Release|Any CPU
		{C09515EA-DA3E-4E04-B2B9-1A6640C9624C}.Release|Mixed Platforms.Build.0 = Release|Any CPU
		{C09515EA-DA3E-4E04-B2B9-1A6640C9624C}.Release|x86.ActiveCfg = Release|Any CPU
		{C09515EA-DA3E-4E04-B2B9-1A6640C9624C}.silverlight_Debug|Any CPU.ActiveCfg = Debug|Any CPU
		{C09515EA-DA3E-4E04-B2B9-1A6640C9624C}.silverlight_Debug|Any CPU.Build.0 = Debug|Any CPU
		{C09515EA-DA3E-4E04-B2B9-1A6640C9624C}.silverlight_Debug|Mixed Platforms.ActiveCfg = Debug|Any CPU
		{C09515EA-DA3E-4E04-B2B9-1A6640C9624C}.silverlight_Debug|Mixed Platforms.Build.0 = Debug|Any CPU
		{C09515EA-DA3E-4E04-B2B9-1A6640C9624C}.silverlight_Debug|x86.ActiveCfg = Debug|Any CPU
		{C09515EA-DA3E-4E04-B2B9-1A6640C9624C}.silverlight_Release|Any CPU.ActiveCfg = Release|Any CPU
		{C09515EA-DA3E-4E04-B2B9-1A6640C9624C}.silverlight_Release|Any CPU.Build.0 = Release|Any CPU
		{C09515EA-DA3E-4E04-B2B9-1A6640C9624C}.silverlight_Release|Mixed Platforms.ActiveCfg = Release|Any CPU
		{C09515EA-DA3E-4E04-B2B9-1A6640C9624C}.silverlight_Release|Mixed Platforms.Build.0 = Release|Any CPU
		{C09515EA-DA3E-4E04-B2B9-1A6640C9624C}.silverlight_Release|x86.ActiveCfg = Release|Any CPU
		{C09515EA-DA3E-4E04-B2B9-1A6640C9624C}.winphone_Debug|Any CPU.ActiveCfg = Debug|Any CPU
		{C09515EA-DA3E-4E04-B2B9-1A6640C9624C}.winphone_Debug|Any CPU.Build.0 = Debug|Any CPU
		{C09515EA-DA3E-4E04-B2B9-1A6640C9624C}.winphone_Debug|Mixed Platforms.ActiveCfg = Debug|Any CPU
		{C09515EA-DA3E-4E04-B2B9-1A6640C9624C}.winphone_Debug|Mixed Platforms.Build.0 = Debug|Any CPU
		{C09515EA-DA3E-4E04-B2B9-1A6640C9624C}.winphone_Debug|x86.ActiveCfg = Debug|Any CPU
		{C09515EA-DA3E-4E04-B2B9-1A6640C9624C}.winphone_Release|Any CPU.ActiveCfg = Release|Any CPU
		{C09515EA-DA3E-4E04-B2B9-1A6640C9624C}.winphone_Release|Any CPU.Build.0 = Release|Any CPU
		{C09515EA-DA3E-4E04-B2B9-1A6640C9624C}.winphone_Release|Mixed Platforms.ActiveCfg = Release|Any CPU
		{C09515EA-DA3E-4E04-B2B9-1A6640C9624C}.winphone_Release|Mixed Platforms.Build.0 = Release|Any CPU
		{C09515EA-DA3E-4E04-B2B9-1A6640C9624C}.winphone_Release|x86.ActiveCfg = Release|Any CPU
		{D68133BD-1E63-496E-9EDE-4FBDBF77B486}.Debug|Any CPU.ActiveCfg = winphone_Debug|Any CPU
		{D68133BD-1E63-496E-9EDE-4FBDBF77B486}.Debug|Any CPU.Build.0 = winphone_Debug|Any CPU
		{D68133BD-1E63-496E-9EDE-4FBDBF77B486}.Debug|Mixed Platforms.ActiveCfg = net_4_0_Debug|Any CPU
		{D68133BD-1E63-496E-9EDE-4FBDBF77B486}.Debug|Mixed Platforms.Build.0 = net_4_0_Debug|Any CPU
		{D68133BD-1E63-496E-9EDE-4FBDBF77B486}.Debug|x86.ActiveCfg = winphone_Release|Any CPU
		{D68133BD-1E63-496E-9EDE-4FBDBF77B486}.net_2_0_Debug|Any CPU.ActiveCfg = net_2_0_Debug|Any CPU
		{D68133BD-1E63-496E-9EDE-4FBDBF77B486}.net_2_0_Debug|Any CPU.Build.0 = net_2_0_Debug|Any CPU
		{D68133BD-1E63-496E-9EDE-4FBDBF77B486}.net_2_0_Debug|Mixed Platforms.ActiveCfg = net_2_0_Debug|Any CPU
		{D68133BD-1E63-496E-9EDE-4FBDBF77B486}.net_2_0_Debug|Mixed Platforms.Build.0 = net_2_0_Debug|Any CPU
		{D68133BD-1E63-496E-9EDE-4FBDBF77B486}.net_2_0_Debug|x86.ActiveCfg = net_2_0_Debug|Any CPU
		{D68133BD-1E63-496E-9EDE-4FBDBF77B486}.net_2_0_Release|Any CPU.ActiveCfg = net_2_0_Release|Any CPU
		{D68133BD-1E63-496E-9EDE-4FBDBF77B486}.net_2_0_Release|Any CPU.Build.0 = net_2_0_Release|Any CPU
		{D68133BD-1E63-496E-9EDE-4FBDBF77B486}.net_2_0_Release|Mixed Platforms.ActiveCfg = net_2_0_Release|Any CPU
		{D68133BD-1E63-496E-9EDE-4FBDBF77B486}.net_2_0_Release|Mixed Platforms.Build.0 = net_2_0_Release|Any CPU
		{D68133BD-1E63-496E-9EDE-4FBDBF77B486}.net_2_0_Release|x86.ActiveCfg = net_2_0_Release|Any CPU
		{D68133BD-1E63-496E-9EDE-4FBDBF77B486}.net_3_5_Debug|Any CPU.ActiveCfg = net_3_5_Debug|Any CPU
		{D68133BD-1E63-496E-9EDE-4FBDBF77B486}.net_3_5_Debug|Any CPU.Build.0 = net_3_5_Debug|Any CPU
		{D68133BD-1E63-496E-9EDE-4FBDBF77B486}.net_3_5_Debug|Mixed Platforms.ActiveCfg = net_3_5_Debug|Any CPU
		{D68133BD-1E63-496E-9EDE-4FBDBF77B486}.net_3_5_Debug|Mixed Platforms.Build.0 = net_3_5_Debug|Any CPU
		{D68133BD-1E63-496E-9EDE-4FBDBF77B486}.net_3_5_Debug|x86.ActiveCfg = net_3_5_Debug|Any CPU
		{D68133BD-1E63-496E-9EDE-4FBDBF77B486}.net_3_5_Release|Any CPU.ActiveCfg = net_3_5_Release|Any CPU
		{D68133BD-1E63-496E-9EDE-4FBDBF77B486}.net_3_5_Release|Any CPU.Build.0 = net_3_5_Release|Any CPU
		{D68133BD-1E63-496E-9EDE-4FBDBF77B486}.net_3_5_Release|Mixed Platforms.ActiveCfg = net_3_5_Release|Any CPU
		{D68133BD-1E63-496E-9EDE-4FBDBF77B486}.net_3_5_Release|Mixed Platforms.Build.0 = net_3_5_Release|Any CPU
		{D68133BD-1E63-496E-9EDE-4FBDBF77B486}.net_3_5_Release|x86.ActiveCfg = net_3_5_Release|Any CPU
		{D68133BD-1E63-496E-9EDE-4FBDBF77B486}.net_4_0_Debug|Any CPU.ActiveCfg = net_4_0_Debug|Any CPU
		{D68133BD-1E63-496E-9EDE-4FBDBF77B486}.net_4_0_Debug|Any CPU.Build.0 = net_4_0_Debug|Any CPU
		{D68133BD-1E63-496E-9EDE-4FBDBF77B486}.net_4_0_Debug|Mixed Platforms.ActiveCfg = net_4_0_Debug|Any CPU
		{D68133BD-1E63-496E-9EDE-4FBDBF77B486}.net_4_0_Debug|Mixed Platforms.Build.0 = net_4_0_Debug|Any CPU
		{D68133BD-1E63-496E-9EDE-4FBDBF77B486}.net_4_0_Debug|x86.ActiveCfg = net_4_0_Debug|Any CPU
		{D68133BD-1E63-496E-9EDE-4FBDBF77B486}.net_4_0_Release|Any CPU.ActiveCfg = net_4_0_Release|Any CPU
		{D68133BD-1E63-496E-9EDE-4FBDBF77B486}.net_4_0_Release|Any CPU.Build.0 = net_4_0_Release|Any CPU
		{D68133BD-1E63-496E-9EDE-4FBDBF77B486}.net_4_0_Release|Mixed Platforms.ActiveCfg = net_4_0_Release|Any CPU
		{D68133BD-1E63-496E-9EDE-4FBDBF77B486}.net_4_0_Release|Mixed Platforms.Build.0 = net_4_0_Release|Any CPU
		{D68133BD-1E63-496E-9EDE-4FBDBF77B486}.net_4_0_Release|x86.ActiveCfg = net_4_0_Release|Any CPU
		{D68133BD-1E63-496E-9EDE-4FBDBF77B486}.Release|Any CPU.ActiveCfg = winphone_Release|Any CPU
		{D68133BD-1E63-496E-9EDE-4FBDBF77B486}.Release|Any CPU.Build.0 = winphone_Release|Any CPU
		{D68133BD-1E63-496E-9EDE-4FBDBF77B486}.Release|Mixed Platforms.ActiveCfg = winphone_Release|Any CPU
		{D68133BD-1E63-496E-9EDE-4FBDBF77B486}.Release|Mixed Platforms.Build.0 = winphone_Release|Any CPU
		{D68133BD-1E63-496E-9EDE-4FBDBF77B486}.Release|x86.ActiveCfg = winphone_Release|Any CPU
		{D68133BD-1E63-496E-9EDE-4FBDBF77B486}.silverlight_Debug|Any CPU.ActiveCfg = silverlight_Debug|Any CPU
		{D68133BD-1E63-496E-9EDE-4FBDBF77B486}.silverlight_Debug|Any CPU.Build.0 = silverlight_Debug|Any CPU
		{D68133BD-1E63-496E-9EDE-4FBDBF77B486}.silverlight_Debug|Mixed Platforms.ActiveCfg = silverlight_Debug|Any CPU
		{D68133BD-1E63-496E-9EDE-4FBDBF77B486}.silverlight_Debug|Mixed Platforms.Build.0 = silverlight_Debug|Any CPU
		{D68133BD-1E63-496E-9EDE-4FBDBF77B486}.silverlight_Debug|x86.ActiveCfg = silverlight_Debug|Any CPU
		{D68133BD-1E63-496E-9EDE-4FBDBF77B486}.silverlight_Release|Any CPU.ActiveCfg = silverlight_Release|Any CPU
		{D68133BD-1E63-496E-9EDE-4FBDBF77B486}.silverlight_Release|Any CPU.Build.0 = silverlight_Release|Any CPU
		{D68133BD-1E63-496E-9EDE-4FBDBF77B486}.silverlight_Release|Mixed Platforms.ActiveCfg = silverlight_Release|Any CPU
		{D68133BD-1E63-496E-9EDE-4FBDBF77B486}.silverlight_Release|Mixed Platforms.Build.0 = silverlight_Release|Any CPU
		{D68133BD-1E63-496E-9EDE-4FBDBF77B486}.silverlight_Release|x86.ActiveCfg = silverlight_Release|Any CPU
		{D68133BD-1E63-496E-9EDE-4FBDBF77B486}.winphone_Debug|Any CPU.ActiveCfg = winphone_Debug|Any CPU
		{D68133BD-1E63-496E-9EDE-4FBDBF77B486}.winphone_Debug|Any CPU.Build.0 = winphone_Debug|Any CPU
		{D68133BD-1E63-496E-9EDE-4FBDBF77B486}.winphone_Debug|Mixed Platforms.ActiveCfg = winphone_Debug|Any CPU
		{D68133BD-1E63-496E-9EDE-4FBDBF77B486}.winphone_Debug|Mixed Platforms.Build.0 = winphone_Debug|Any CPU
		{D68133BD-1E63-496E-9EDE-4FBDBF77B486}.winphone_Debug|x86.ActiveCfg = winphone_Debug|Any CPU
		{D68133BD-1E63-496E-9EDE-4FBDBF77B486}.winphone_Release|Any CPU.ActiveCfg = winphone_Release|Any CPU
		{D68133BD-1E63-496E-9EDE-4FBDBF77B486}.winphone_Release|Any CPU.Build.0 = winphone_Release|Any CPU
		{D68133BD-1E63-496E-9EDE-4FBDBF77B486}.winphone_Release|Mixed Platforms.ActiveCfg = winphone_Release|Any CPU
		{D68133BD-1E63-496E-9EDE-4FBDBF77B486}.winphone_Release|Mixed Platforms.Build.0 = winphone_Release|Any CPU
		{D68133BD-1E63-496E-9EDE-4FBDBF77B486}.winphone_Release|x86.ActiveCfg = winphone_Release|Any CPU
		{64C1D6C0-AC9A-48EA-A1DE-E64E2A34323D}.Debug|Any CPU.ActiveCfg = Debug|Any CPU
		{64C1D6C0-AC9A-48EA-A1DE-E64E2A34323D}.Debug|Any CPU.Build.0 = Debug|Any CPU
		{64C1D6C0-AC9A-48EA-A1DE-E64E2A34323D}.Debug|Mixed Platforms.ActiveCfg = Debug|Any CPU
		{64C1D6C0-AC9A-48EA-A1DE-E64E2A34323D}.Debug|Mixed Platforms.Build.0 = Debug|Any CPU
		{64C1D6C0-AC9A-48EA-A1DE-E64E2A34323D}.Debug|x86.ActiveCfg = Debug|Any CPU
		{64C1D6C0-AC9A-48EA-A1DE-E64E2A34323D}.net_2_0_Debug|Any CPU.ActiveCfg = Debug|Any CPU
		{64C1D6C0-AC9A-48EA-A1DE-E64E2A34323D}.net_2_0_Debug|Any CPU.Build.0 = Debug|Any CPU
		{64C1D6C0-AC9A-48EA-A1DE-E64E2A34323D}.net_2_0_Debug|Mixed Platforms.ActiveCfg = Debug|Any CPU
		{64C1D6C0-AC9A-48EA-A1DE-E64E2A34323D}.net_2_0_Debug|Mixed Platforms.Build.0 = Debug|Any CPU
		{64C1D6C0-AC9A-48EA-A1DE-E64E2A34323D}.net_2_0_Debug|x86.ActiveCfg = Debug|Any CPU
		{64C1D6C0-AC9A-48EA-A1DE-E64E2A34323D}.net_2_0_Release|Any CPU.ActiveCfg = Release|Any CPU
		{64C1D6C0-AC9A-48EA-A1DE-E64E2A34323D}.net_2_0_Release|Any CPU.Build.0 = Release|Any CPU
		{64C1D6C0-AC9A-48EA-A1DE-E64E2A34323D}.net_2_0_Release|Mixed Platforms.ActiveCfg = Release|Any CPU
		{64C1D6C0-AC9A-48EA-A1DE-E64E2A34323D}.net_2_0_Release|Mixed Platforms.Build.0 = Release|Any CPU
		{64C1D6C0-AC9A-48EA-A1DE-E64E2A34323D}.net_2_0_Release|x86.ActiveCfg = Release|Any CPU
		{64C1D6C0-AC9A-48EA-A1DE-E64E2A34323D}.net_3_5_Debug|Any CPU.ActiveCfg = Debug|Any CPU
		{64C1D6C0-AC9A-48EA-A1DE-E64E2A34323D}.net_3_5_Debug|Any CPU.Build.0 = Debug|Any CPU
		{64C1D6C0-AC9A-48EA-A1DE-E64E2A34323D}.net_3_5_Debug|Mixed Platforms.ActiveCfg = Debug|Any CPU
		{64C1D6C0-AC9A-48EA-A1DE-E64E2A34323D}.net_3_5_Debug|Mixed Platforms.Build.0 = Debug|Any CPU
		{64C1D6C0-AC9A-48EA-A1DE-E64E2A34323D}.net_3_5_Debug|x86.ActiveCfg = Debug|Any CPU
		{64C1D6C0-AC9A-48EA-A1DE-E64E2A34323D}.net_3_5_Release|Any CPU.ActiveCfg = Release|Any CPU
		{64C1D6C0-AC9A-48EA-A1DE-E64E2A34323D}.net_3_5_Release|Any CPU.Build.0 = Release|Any CPU
		{64C1D6C0-AC9A-48EA-A1DE-E64E2A34323D}.net_3_5_Release|Mixed Platforms.ActiveCfg = Release|Any CPU
		{64C1D6C0-AC9A-48EA-A1DE-E64E2A34323D}.net_3_5_Release|Mixed Platforms.Build.0 = Release|Any CPU
		{64C1D6C0-AC9A-48EA-A1DE-E64E2A34323D}.net_3_5_Release|x86.ActiveCfg = Release|Any CPU
		{64C1D6C0-AC9A-48EA-A1DE-E64E2A34323D}.net_4_0_Debug|Any CPU.ActiveCfg = Debug|Any CPU
		{64C1D6C0-AC9A-48EA-A1DE-E64E2A34323D}.net_4_0_Debug|Any CPU.Build.0 = Debug|Any CPU
		{64C1D6C0-AC9A-48EA-A1DE-E64E2A34323D}.net_4_0_Debug|Mixed Platforms.ActiveCfg = Debug|Any CPU
		{64C1D6C0-AC9A-48EA-A1DE-E64E2A34323D}.net_4_0_Debug|Mixed Platforms.Build.0 = Debug|Any CPU
		{64C1D6C0-AC9A-48EA-A1DE-E64E2A34323D}.net_4_0_Debug|x86.ActiveCfg = Debug|Any CPU
		{64C1D6C0-AC9A-48EA-A1DE-E64E2A34323D}.net_4_0_Release|Any CPU.ActiveCfg = Release|Any CPU
		{64C1D6C0-AC9A-48EA-A1DE-E64E2A34323D}.net_4_0_Release|Any CPU.Build.0 = Release|Any CPU
		{64C1D6C0-AC9A-48EA-A1DE-E64E2A34323D}.net_4_0_Release|Mixed Platforms.ActiveCfg = Release|Any CPU
		{64C1D6C0-AC9A-48EA-A1DE-E64E2A34323D}.net_4_0_Release|Mixed Platforms.Build.0 = Release|Any CPU
		{64C1D6C0-AC9A-48EA-A1DE-E64E2A34323D}.net_4_0_Release|x86.ActiveCfg = Release|Any CPU
		{64C1D6C0-AC9A-48EA-A1DE-E64E2A34323D}.Release|Any CPU.ActiveCfg = Release|Any CPU
		{64C1D6C0-AC9A-48EA-A1DE-E64E2A34323D}.Release|Any CPU.Build.0 = Release|Any CPU
		{64C1D6C0-AC9A-48EA-A1DE-E64E2A34323D}.Release|Mixed Platforms.ActiveCfg = Release|Any CPU
		{64C1D6C0-AC9A-48EA-A1DE-E64E2A34323D}.Release|Mixed Platforms.Build.0 = Release|Any CPU
		{64C1D6C0-AC9A-48EA-A1DE-E64E2A34323D}.Release|x86.ActiveCfg = Release|Any CPU
		{64C1D6C0-AC9A-48EA-A1DE-E64E2A34323D}.silverlight_Debug|Any CPU.ActiveCfg = Debug|Any CPU
		{64C1D6C0-AC9A-48EA-A1DE-E64E2A34323D}.silverlight_Debug|Any CPU.Build.0 = Debug|Any CPU
		{64C1D6C0-AC9A-48EA-A1DE-E64E2A34323D}.silverlight_Debug|Mixed Platforms.ActiveCfg = Debug|Any CPU
		{64C1D6C0-AC9A-48EA-A1DE-E64E2A34323D}.silverlight_Debug|Mixed Platforms.Build.0 = Debug|Any CPU
		{64C1D6C0-AC9A-48EA-A1DE-E64E2A34323D}.silverlight_Debug|x86.ActiveCfg = Debug|Any CPU
		{64C1D6C0-AC9A-48EA-A1DE-E64E2A34323D}.silverlight_Release|Any CPU.ActiveCfg = Release|Any CPU
		{64C1D6C0-AC9A-48EA-A1DE-E64E2A34323D}.silverlight_Release|Any CPU.Build.0 = Release|Any CPU
		{64C1D6C0-AC9A-48EA-A1DE-E64E2A34323D}.silverlight_Release|Mixed Platforms.ActiveCfg = Release|Any CPU
		{64C1D6C0-AC9A-48EA-A1DE-E64E2A34323D}.silverlight_Release|Mixed Platforms.Build.0 = Release|Any CPU
		{64C1D6C0-AC9A-48EA-A1DE-E64E2A34323D}.silverlight_Release|x86.ActiveCfg = Release|Any CPU
		{64C1D6C0-AC9A-48EA-A1DE-E64E2A34323D}.winphone_Debug|Any CPU.ActiveCfg = Debug|Any CPU
		{64C1D6C0-AC9A-48EA-A1DE-E64E2A34323D}.winphone_Debug|Any CPU.Build.0 = Debug|Any CPU
		{64C1D6C0-AC9A-48EA-A1DE-E64E2A34323D}.winphone_Debug|Mixed Platforms.ActiveCfg = Debug|Any CPU
		{64C1D6C0-AC9A-48EA-A1DE-E64E2A34323D}.winphone_Debug|Mixed Platforms.Build.0 = Debug|Any CPU
		{64C1D6C0-AC9A-48EA-A1DE-E64E2A34323D}.winphone_Debug|x86.ActiveCfg = Debug|Any CPU
		{64C1D6C0-AC9A-48EA-A1DE-E64E2A34323D}.winphone_Release|Any CPU.ActiveCfg = Release|Any CPU
		{64C1D6C0-AC9A-48EA-A1DE-E64E2A34323D}.winphone_Release|Any CPU.Build.0 = Release|Any CPU
		{64C1D6C0-AC9A-48EA-A1DE-E64E2A34323D}.winphone_Release|Mixed Platforms.ActiveCfg = Release|Any CPU
		{64C1D6C0-AC9A-48EA-A1DE-E64E2A34323D}.winphone_Release|Mixed Platforms.Build.0 = Release|Any CPU
		{64C1D6C0-AC9A-48EA-A1DE-E64E2A34323D}.winphone_Release|x86.ActiveCfg = Release|Any CPU
		{6321F5A1-4227-47C5-8654-0C0852A2B90D}.Debug|Any CPU.ActiveCfg = Debug|x86
		{6321F5A1-4227-47C5-8654-0C0852A2B90D}.Debug|Mixed Platforms.ActiveCfg = Debug|x86
		{6321F5A1-4227-47C5-8654-0C0852A2B90D}.Debug|Mixed Platforms.Build.0 = Debug|x86
		{6321F5A1-4227-47C5-8654-0C0852A2B90D}.Debug|x86.ActiveCfg = Debug|x86
		{6321F5A1-4227-47C5-8654-0C0852A2B90D}.Debug|x86.Build.0 = Debug|x86
		{6321F5A1-4227-47C5-8654-0C0852A2B90D}.net_2_0_Debug|Any CPU.ActiveCfg = Debug|x86
		{6321F5A1-4227-47C5-8654-0C0852A2B90D}.net_2_0_Debug|Mixed Platforms.ActiveCfg = Debug|x86
		{6321F5A1-4227-47C5-8654-0C0852A2B90D}.net_2_0_Debug|Mixed Platforms.Build.0 = Debug|x86
		{6321F5A1-4227-47C5-8654-0C0852A2B90D}.net_2_0_Debug|x86.ActiveCfg = Debug|x86
		{6321F5A1-4227-47C5-8654-0C0852A2B90D}.net_2_0_Debug|x86.Build.0 = Debug|x86
		{6321F5A1-4227-47C5-8654-0C0852A2B90D}.net_2_0_Release|Any CPU.ActiveCfg = Release|x86
		{6321F5A1-4227-47C5-8654-0C0852A2B90D}.net_2_0_Release|Mixed Platforms.ActiveCfg = Release|x86
		{6321F5A1-4227-47C5-8654-0C0852A2B90D}.net_2_0_Release|Mixed Platforms.Build.0 = Release|x86
		{6321F5A1-4227-47C5-8654-0C0852A2B90D}.net_2_0_Release|x86.ActiveCfg = Release|x86
		{6321F5A1-4227-47C5-8654-0C0852A2B90D}.net_2_0_Release|x86.Build.0 = Release|x86
		{6321F5A1-4227-47C5-8654-0C0852A2B90D}.net_3_5_Debug|Any CPU.ActiveCfg = Debug|x86
		{6321F5A1-4227-47C5-8654-0C0852A2B90D}.net_3_5_Debug|Mixed Platforms.ActiveCfg = Debug|x86
		{6321F5A1-4227-47C5-8654-0C0852A2B90D}.net_3_5_Debug|Mixed Platforms.Build.0 = Debug|x86
		{6321F5A1-4227-47C5-8654-0C0852A2B90D}.net_3_5_Debug|x86.ActiveCfg = Debug|x86
		{6321F5A1-4227-47C5-8654-0C0852A2B90D}.net_3_5_Debug|x86.Build.0 = Debug|x86
		{6321F5A1-4227-47C5-8654-0C0852A2B90D}.net_3_5_Release|Any CPU.ActiveCfg = Release|x86
		{6321F5A1-4227-47C5-8654-0C0852A2B90D}.net_3_5_Release|Mixed Platforms.ActiveCfg = Release|x86
		{6321F5A1-4227-47C5-8654-0C0852A2B90D}.net_3_5_Release|Mixed Platforms.Build.0 = Release|x86
		{6321F5A1-4227-47C5-8654-0C0852A2B90D}.net_3_5_Release|x86.ActiveCfg = Release|x86
		{6321F5A1-4227-47C5-8654-0C0852A2B90D}.net_3_5_Release|x86.Build.0 = Release|x86
		{6321F5A1-4227-47C5-8654-0C0852A2B90D}.net_4_0_Debug|Any CPU.ActiveCfg = Debug|x86
		{6321F5A1-4227-47C5-8654-0C0852A2B90D}.net_4_0_Debug|Mixed Platforms.ActiveCfg = Debug|x86
		{6321F5A1-4227-47C5-8654-0C0852A2B90D}.net_4_0_Debug|Mixed Platforms.Build.0 = Debug|x86
		{6321F5A1-4227-47C5-8654-0C0852A2B90D}.net_4_0_Debug|x86.ActiveCfg = Debug|x86
		{6321F5A1-4227-47C5-8654-0C0852A2B90D}.net_4_0_Debug|x86.Build.0 = Debug|x86
		{6321F5A1-4227-47C5-8654-0C0852A2B90D}.net_4_0_Release|Any CPU.ActiveCfg = Release|x86
		{6321F5A1-4227-47C5-8654-0C0852A2B90D}.net_4_0_Release|Mixed Platforms.ActiveCfg = Release|x86
		{6321F5A1-4227-47C5-8654-0C0852A2B90D}.net_4_0_Release|Mixed Platforms.Build.0 = Release|x86
		{6321F5A1-4227-47C5-8654-0C0852A2B90D}.net_4_0_Release|x86.ActiveCfg = Release|x86
		{6321F5A1-4227-47C5-8654-0C0852A2B90D}.net_4_0_Release|x86.Build.0 = Release|x86
		{6321F5A1-4227-47C5-8654-0C0852A2B90D}.Release|Any CPU.ActiveCfg = Release|x86
		{6321F5A1-4227-47C5-8654-0C0852A2B90D}.Release|Mixed Platforms.ActiveCfg = Release|x86
		{6321F5A1-4227-47C5-8654-0C0852A2B90D}.Release|Mixed Platforms.Build.0 = Release|x86
		{6321F5A1-4227-47C5-8654-0C0852A2B90D}.Release|x86.ActiveCfg = Release|x86
		{6321F5A1-4227-47C5-8654-0C0852A2B90D}.Release|x86.Build.0 = Release|x86
		{6321F5A1-4227-47C5-8654-0C0852A2B90D}.silverlight_Debug|Any CPU.ActiveCfg = Debug|x86
		{6321F5A1-4227-47C5-8654-0C0852A2B90D}.silverlight_Debug|Mixed Platforms.ActiveCfg = Debug|x86
		{6321F5A1-4227-47C5-8654-0C0852A2B90D}.silverlight_Debug|Mixed Platforms.Build.0 = Debug|x86
		{6321F5A1-4227-47C5-8654-0C0852A2B90D}.silverlight_Debug|x86.ActiveCfg = Debug|x86
		{6321F5A1-4227-47C5-8654-0C0852A2B90D}.silverlight_Debug|x86.Build.0 = Debug|x86
		{6321F5A1-4227-47C5-8654-0C0852A2B90D}.silverlight_Release|Any CPU.ActiveCfg = Release|x86
		{6321F5A1-4227-47C5-8654-0C0852A2B90D}.silverlight_Release|Mixed Platforms.ActiveCfg = Release|x86
		{6321F5A1-4227-47C5-8654-0C0852A2B90D}.silverlight_Release|Mixed Platforms.Build.0 = Release|x86
		{6321F5A1-4227-47C5-8654-0C0852A2B90D}.silverlight_Release|x86.ActiveCfg = Release|x86
		{6321F5A1-4227-47C5-8654-0C0852A2B90D}.silverlight_Release|x86.Build.0 = Release|x86
		{6321F5A1-4227-47C5-8654-0C0852A2B90D}.winphone_Debug|Any CPU.ActiveCfg = Debug|x86
		{6321F5A1-4227-47C5-8654-0C0852A2B90D}.winphone_Debug|Mixed Platforms.ActiveCfg = Debug|x86
		{6321F5A1-4227-47C5-8654-0C0852A2B90D}.winphone_Debug|Mixed Platforms.Build.0 = Debug|x86
		{6321F5A1-4227-47C5-8654-0C0852A2B90D}.winphone_Debug|x86.ActiveCfg = Debug|x86
		{6321F5A1-4227-47C5-8654-0C0852A2B90D}.winphone_Debug|x86.Build.0 = Debug|x86
		{6321F5A1-4227-47C5-8654-0C0852A2B90D}.winphone_Release|Any CPU.ActiveCfg = Release|x86
		{6321F5A1-4227-47C5-8654-0C0852A2B90D}.winphone_Release|Mixed Platforms.ActiveCfg = Release|x86
		{6321F5A1-4227-47C5-8654-0C0852A2B90D}.winphone_Release|Mixed Platforms.Build.0 = Release|x86
		{6321F5A1-4227-47C5-8654-0C0852A2B90D}.winphone_Release|x86.ActiveCfg = Release|x86
		{6321F5A1-4227-47C5-8654-0C0852A2B90D}.winphone_Release|x86.Build.0 = Release|x86
		{F0460016-F273-4D8B-AACC-0715DDCE77F7}.Debug|Any CPU.ActiveCfg = Debug|x86
		{F0460016-F273-4D8B-AACC-0715DDCE77F7}.Debug|Mixed Platforms.ActiveCfg = Debug|x86
		{F0460016-F273-4D8B-AACC-0715DDCE77F7}.Debug|Mixed Platforms.Build.0 = Debug|x86
		{F0460016-F273-4D8B-AACC-0715DDCE77F7}.Debug|x86.ActiveCfg = Debug|x86
		{F0460016-F273-4D8B-AACC-0715DDCE77F7}.Debug|x86.Build.0 = Debug|x86
		{F0460016-F273-4D8B-AACC-0715DDCE77F7}.net_2_0_Debug|Any CPU.ActiveCfg = Debug|x86
		{F0460016-F273-4D8B-AACC-0715DDCE77F7}.net_2_0_Debug|Mixed Platforms.ActiveCfg = Debug|x86
		{F0460016-F273-4D8B-AACC-0715DDCE77F7}.net_2_0_Debug|Mixed Platforms.Build.0 = Debug|x86
		{F0460016-F273-4D8B-AACC-0715DDCE77F7}.net_2_0_Debug|x86.ActiveCfg = Debug|x86
		{F0460016-F273-4D8B-AACC-0715DDCE77F7}.net_2_0_Debug|x86.Build.0 = Debug|x86
		{F0460016-F273-4D8B-AACC-0715DDCE77F7}.net_2_0_Release|Any CPU.ActiveCfg = Release|x86
		{F0460016-F273-4D8B-AACC-0715DDCE77F7}.net_2_0_Release|Mixed Platforms.ActiveCfg = Release|x86
		{F0460016-F273-4D8B-AACC-0715DDCE77F7}.net_2_0_Release|Mixed Platforms.Build.0 = Release|x86
		{F0460016-F273-4D8B-AACC-0715DDCE77F7}.net_2_0_Release|x86.ActiveCfg = Release|x86
		{F0460016-F273-4D8B-AACC-0715DDCE77F7}.net_2_0_Release|x86.Build.0 = Release|x86
		{F0460016-F273-4D8B-AACC-0715DDCE77F7}.net_3_5_Debug|Any CPU.ActiveCfg = Debug|x86
		{F0460016-F273-4D8B-AACC-0715DDCE77F7}.net_3_5_Debug|Mixed Platforms.ActiveCfg = Debug|x86
		{F0460016-F273-4D8B-AACC-0715DDCE77F7}.net_3_5_Debug|Mixed Platforms.Build.0 = Debug|x86
		{F0460016-F273-4D8B-AACC-0715DDCE77F7}.net_3_5_Debug|x86.ActiveCfg = Debug|x86
		{F0460016-F273-4D8B-AACC-0715DDCE77F7}.net_3_5_Debug|x86.Build.0 = Debug|x86
		{F0460016-F273-4D8B-AACC-0715DDCE77F7}.net_3_5_Release|Any CPU.ActiveCfg = Release|x86
		{F0460016-F273-4D8B-AACC-0715DDCE77F7}.net_3_5_Release|Mixed Platforms.ActiveCfg = Release|x86
		{F0460016-F273-4D8B-AACC-0715DDCE77F7}.net_3_5_Release|Mixed Platforms.Build.0 = Release|x86
		{F0460016-F273-4D8B-AACC-0715DDCE77F7}.net_3_5_Release|x86.ActiveCfg = Release|x86
		{F0460016-F273-4D8B-AACC-0715DDCE77F7}.net_3_5_Release|x86.Build.0 = Release|x86
		{F0460016-F273-4D8B-AACC-0715DDCE77F7}.net_4_0_Debug|Any CPU.ActiveCfg = Debug|x86
		{F0460016-F273-4D8B-AACC-0715DDCE77F7}.net_4_0_Debug|Mixed Platforms.ActiveCfg = Debug|x86
		{F0460016-F273-4D8B-AACC-0715DDCE77F7}.net_4_0_Debug|Mixed Platforms.Build.0 = Debug|x86
		{F0460016-F273-4D8B-AACC-0715DDCE77F7}.net_4_0_Debug|x86.ActiveCfg = Debug|x86
		{F0460016-F273-4D8B-AACC-0715DDCE77F7}.net_4_0_Debug|x86.Build.0 = Debug|x86
		{F0460016-F273-4D8B-AACC-0715DDCE77F7}.net_4_0_Release|Any CPU.ActiveCfg = Release|x86
		{F0460016-F273-4D8B-AACC-0715DDCE77F7}.net_4_0_Release|Mixed Platforms.ActiveCfg = Release|x86
		{F0460016-F273-4D8B-AACC-0715DDCE77F7}.net_4_0_Release|Mixed Platforms.Build.0 = Release|x86
		{F0460016-F273-4D8B-AACC-0715DDCE77F7}.net_4_0_Release|x86.ActiveCfg = Release|x86
		{F0460016-F273-4D8B-AACC-0715DDCE77F7}.net_4_0_Release|x86.Build.0 = Release|x86
		{F0460016-F273-4D8B-AACC-0715DDCE77F7}.Release|Any CPU.ActiveCfg = Release|x86
		{F0460016-F273-4D8B-AACC-0715DDCE77F7}.Release|Mixed Platforms.ActiveCfg = Release|x86
		{F0460016-F273-4D8B-AACC-0715DDCE77F7}.Release|Mixed Platforms.Build.0 = Release|x86
		{F0460016-F273-4D8B-AACC-0715DDCE77F7}.Release|x86.ActiveCfg = Release|x86
		{F0460016-F273-4D8B-AACC-0715DDCE77F7}.Release|x86.Build.0 = Release|x86
		{F0460016-F273-4D8B-AACC-0715DDCE77F7}.silverlight_Debug|Any CPU.ActiveCfg = Debug|x86
		{F0460016-F273-4D8B-AACC-0715DDCE77F7}.silverlight_Debug|Mixed Platforms.ActiveCfg = Debug|x86
		{F0460016-F273-4D8B-AACC-0715DDCE77F7}.silverlight_Debug|Mixed Platforms.Build.0 = Debug|x86
		{F0460016-F273-4D8B-AACC-0715DDCE77F7}.silverlight_Debug|x86.ActiveCfg = Debug|x86
		{F0460016-F273-4D8B-AACC-0715DDCE77F7}.silverlight_Debug|x86.Build.0 = Debug|x86
		{F0460016-F273-4D8B-AACC-0715DDCE77F7}.silverlight_Release|Any CPU.ActiveCfg = Release|x86
		{F0460016-F273-4D8B-AACC-0715DDCE77F7}.silverlight_Release|Mixed Platforms.ActiveCfg = Release|x86
		{F0460016-F273-4D8B-AACC-0715DDCE77F7}.silverlight_Release|Mixed Platforms.Build.0 = Release|x86
		{F0460016-F273-4D8B-AACC-0715DDCE77F7}.silverlight_Release|x86.ActiveCfg = Release|x86
		{F0460016-F273-4D8B-AACC-0715DDCE77F7}.silverlight_Release|x86.Build.0 = Release|x86
		{F0460016-F273-4D8B-AACC-0715DDCE77F7}.winphone_Debug|Any CPU.ActiveCfg = Debug|x86
		{F0460016-F273-4D8B-AACC-0715DDCE77F7}.winphone_Debug|Mixed Platforms.ActiveCfg = Debug|x86
		{F0460016-F273-4D8B-AACC-0715DDCE77F7}.winphone_Debug|Mixed Platforms.Build.0 = Debug|x86
		{F0460016-F273-4D8B-AACC-0715DDCE77F7}.winphone_Debug|x86.ActiveCfg = Debug|x86
		{F0460016-F273-4D8B-AACC-0715DDCE77F7}.winphone_Debug|x86.Build.0 = Debug|x86
		{F0460016-F273-4D8B-AACC-0715DDCE77F7}.winphone_Release|Any CPU.ActiveCfg = Release|x86
		{F0460016-F273-4D8B-AACC-0715DDCE77F7}.winphone_Release|Mixed Platforms.ActiveCfg = Release|x86
		{F0460016-F273-4D8B-AACC-0715DDCE77F7}.winphone_Release|Mixed Platforms.Build.0 = Release|x86
		{F0460016-F273-4D8B-AACC-0715DDCE77F7}.winphone_Release|x86.ActiveCfg = Release|x86
		{F0460016-F273-4D8B-AACC-0715DDCE77F7}.winphone_Release|x86.Build.0 = Release|x86
	EndGlobalSection
	GlobalSection(SolutionProperties) = preSolution
		HideSolutionNode = FALSE
	EndGlobalSection
EndGlobal
